
Microsoft Visual Studio Solution File, Format Version 12.00
# Visual Studio 15
VisualStudioVersion = 15.0.27703.2035
MinimumVisualStudioVersion = 10.0.40219.1
Project("{9A19103F-16F7-4668-BE54-9A1E7A4F7556}") = "TinyBlog.Web", "TinyBlog.Web\TinyBlog.Web.csproj", "{18834D82-BD1E-4DBD-B51B-A07A01B982EB}"
EndProject
Project("{9A19103F-16F7-4668-BE54-9A1E7A4F7556}") = "TinyBlog.Core", "TinyBlog.Core\TinyBlog.Core.csproj", "{67FF554E-9A34-4D25-9D57-845A9E27F5A9}"
EndProject
Project("{9A19103F-16F7-4668-BE54-9A1E7A4F7556}") = "TinyBlog.Infrastructure", "TinyBlog.Infrastructure\TinyBlog.Infrastructure.csproj", "{61608551-F634-4B64-A3DB-F6CF25E843B8}"
EndProject
Global
	GlobalSection(SolutionConfigurationPlatforms) = preSolution
		Debug|Any CPU = Debug|Any CPU
		Release|Any CPU = Release|Any CPU
	EndGlobalSection
	GlobalSection(ProjectConfigurationPlatforms) = postSolution
		{18834D82-BD1E-4DBD-B51B-A07A01B982EB}.Debug|Any CPU.ActiveCfg = Debug|Any CPU
		{18834D82-BD1E-4DBD-B51B-A07A01B982EB}.Debug|Any CPU.Build.0 = Debug|Any CPU
		{18834D82-BD1E-4DBD-B51B-A07A01B982EB}.Release|Any CPU.ActiveCfg = Release|Any CPU
		{18834D82-BD1E-4DBD-B51B-A07A01B982EB}.Release|Any CPU.Build.0 = Release|Any CPU
		{67FF554E-9A34-4D25-9D57-845A9E27F5A9}.Debug|Any CPU.ActiveCfg = Debug|Any CPU
		{67FF554E-9A34-4D25-9D57-845A9E27F5A9}.Debug|Any CPU.Build.0 = Debug|Any CPU
		{67FF554E-9A34-4D25-9D57-845A9E27F5A9}.Release|Any CPU.ActiveCfg = Release|Any CPU
		{67FF554E-9A34-4D25-9D57-845A9E27F5A9}.Release|Any CPU.Build.0 = Release|Any CPU
		{61608551-F634-4B64-A3DB-F6CF25E843B8}.Debug|Any CPU.ActiveCfg = Debug|Any CPU
		{61608551-F634-4B64-A3DB-F6CF25E843B8}.Debug|Any CPU.Build.0 = Debug|Any CPU
		{61608551-F634-4B64-A3DB-F6CF25E843B8}.Release|Any CPU.ActiveCfg = Release|Any CPU
		{61608551-F634-4B64-A3DB-F6CF25E843B8}.Release|Any CPU.Build.0 = Release|Any CPU
	EndGlobalSection
	GlobalSection(SolutionProperties) = preSolution
		HideSolutionNode = FALSE
	EndGlobalSection
	GlobalSection(ExtensibilityGlobals) = postSolution
		SolutionGuid = {0BBE72BF-3BF6-4CFC-A3CC-BB3246724A76}
	EndGlobalSection
EndGlobal
